// !$*UTF8*$!
{
	archiveVersion = 1;
	classes = {
	};
	objectVersion = 46;
	objects = {

/* Begin PBXBuildFile section */
		06A84164E52EBE2D9228F4CF /* libPods-neuroUITests.a in Frameworks */ = {isa = PBXBuildFile; fileRef = 1600298613AF782E567D7332 /* libPods-neuroUITests.a */; };
		603D437F1E9804F7004D9666 /* main.m in Sources */ = {isa = PBXBuildFile; fileRef = 603D437E1E9804F7004D9666 /* main.m */; };
		603D43821E9804F7004D9666 /* AppDelegate.m in Sources */ = {isa = PBXBuildFile; fileRef = 603D43811E9804F7004D9666 /* AppDelegate.m */; };
		603D43881E9804F8004D9666 /* Main.storyboard in Resources */ = {isa = PBXBuildFile; fileRef = 603D43861E9804F8004D9666 /* Main.storyboard */; };
		603D438A1E9804F8004D9666 /* Assets.xcassets in Resources */ = {isa = PBXBuildFile; fileRef = 603D43891E9804F8004D9666 /* Assets.xcassets */; };
		603D438D1E9804F8004D9666 /* LaunchScreen.storyboard in Resources */ = {isa = PBXBuildFile; fileRef = 603D438B1E9804F8004D9666 /* LaunchScreen.storyboard */; };
		603D43981E9804F8004D9666 /* neuroTests.m in Sources */ = {isa = PBXBuildFile; fileRef = 603D43971E9804F8004D9666 /* neuroTests.m */; };
		603D43A31E9804F8004D9666 /* neuroUITests.m in Sources */ = {isa = PBXBuildFile; fileRef = 603D43A21E9804F8004D9666 /* neuroUITests.m */; };
		603D43B11E980604004D9666 /* Muse.framework in Frameworks */ = {isa = PBXBuildFile; fileRef = 603D43B01E980604004D9666 /* Muse.framework */; };
		603D43B41E98062D004D9666 /* CoreBluetooth.framework in Frameworks */ = {isa = PBXBuildFile; fileRef = 603D43B31E98062D004D9666 /* CoreBluetooth.framework */; };
		603D43B61E98063A004D9666 /* libc++.tbd in Frameworks */ = {isa = PBXBuildFile; fileRef = 603D43B51E98063A004D9666 /* libc++.tbd */; };
		603D43BA1E9806AA004D9666 /* SimpleController.m in Sources */ = {isa = PBXBuildFile; fileRef = 603D43B81E9806AA004D9666 /* SimpleController.m */; };
		603D43BB1E9806AA004D9666 /* SimpleController.xib in Resources */ = {isa = PBXBuildFile; fileRef = 603D43B91E9806AA004D9666 /* SimpleController.xib */; };
		6073236D1EB68C5A00D4BBAF /* DetailViewController.m in Sources */ = {isa = PBXBuildFile; fileRef = 6073236C1EB68C5A00D4BBAF /* DetailViewController.m */; };
		607323701EB68D7A00D4BBAF /* Singleton.m in Sources */ = {isa = PBXBuildFile; fileRef = 6073236F1EB68D7A00D4BBAF /* Singleton.m */; };
		609AA5271EB79CB800B2B449 /* Charts.framework in Frameworks */ = {isa = PBXBuildFile; fileRef = 609AA5261EB79CB800B2B449 /* Charts.framework */; };
		609AA5281EB79CBE00B2B449 /* Charts.framework in Frameworks */ = {isa = PBXBuildFile; fileRef = 609AA5261EB79CB800B2B449 /* Charts.framework */; };
		609AA5291EB79CBE00B2B449 /* Charts.framework in Embed Frameworks */ = {isa = PBXBuildFile; fileRef = 609AA5261EB79CB800B2B449 /* Charts.framework */; settings = {ATTRIBUTES = (CodeSignOnCopy, RemoveHeadersOnCopy, ); }; };
		609AA52D1EB7A52200B2B449 /* ObserveViewController.m in Sources */ = {isa = PBXBuildFile; fileRef = 609AA52C1EB7A52200B2B449 /* ObserveViewController.m */; };
		609AA5311EB7A5B300B2B449 /* BaseVC.m in Sources */ = {isa = PBXBuildFile; fileRef = 609AA5301EB7A5B300B2B449 /* BaseVC.m */; };
		60B96BA01EB54F0E00D9BED5 /* MainViewController.m in Sources */ = {isa = PBXBuildFile; fileRef = 60B96B9F1EB54F0E00D9BED5 /* MainViewController.m */; };
		B6635B4700C048682C445199 /* libPods-neuro.a in Frameworks */ = {isa = PBXBuildFile; fileRef = 97B64666F3B287C4EADCA262 /* libPods-neuro.a */; };
		C4BA470EFA1F017169EF23F3 /* libPods-neuroTests.a in Frameworks */ = {isa = PBXBuildFile; fileRef = 46885D1915EEB00B5710E4E4 /* libPods-neuroTests.a */; };
/* End PBXBuildFile section */

/* Begin PBXContainerItemProxy section */
		603D43941E9804F8004D9666 /* PBXContainerItemProxy */ = {
			isa = PBXContainerItemProxy;
			containerPortal = 603D43721E9804F7004D9666 /* Project object */;
			proxyType = 1;
			remoteGlobalIDString = 603D43791E9804F7004D9666;
			remoteInfo = neuro;
		};
		603D439F1E9804F8004D9666 /* PBXContainerItemProxy */ = {
			isa = PBXContainerItemProxy;
			containerPortal = 603D43721E9804F7004D9666 /* Project object */;
			proxyType = 1;
			remoteGlobalIDString = 603D43791E9804F7004D9666;
			remoteInfo = neuro;
		};
/* End PBXContainerItemProxy section */

/* Begin PBXCopyFilesBuildPhase section */
		609AA52A1EB79CBE00B2B449 /* Embed Frameworks */ = {
			isa = PBXCopyFilesBuildPhase;
			buildActionMask = 2147483647;
			dstPath = "";
			dstSubfolderSpec = 10;
			files = (
				609AA5291EB79CBE00B2B449 /* Charts.framework in Embed Frameworks */,
			);
			name = "Embed Frameworks";
			runOnlyForDeploymentPostprocessing = 0;
		};
/* End PBXCopyFilesBuildPhase section */

/* Begin PBXFileReference section */
		1600298613AF782E567D7332 /* libPods-neuroUITests.a */ = {isa = PBXFileReference; explicitFileType = archive.ar; includeInIndex = 0; path = "libPods-neuroUITests.a"; sourceTree = BUILT_PRODUCTS_DIR; };
		22988033FA652259BD65F3D4 /* Pods-neuroUITests.debug.xcconfig */ = {isa = PBXFileReference; includeInIndex = 1; lastKnownFileType = text.xcconfig; name = "Pods-neuroUITests.debug.xcconfig"; path = "Pods/Target Support Files/Pods-neuroUITests/Pods-neuroUITests.debug.xcconfig"; sourceTree = "<group>"; };
		420478CE3F3E20D22637DBEC /* Pods-neuroTests.debug.xcconfig */ = {isa = PBXFileReference; includeInIndex = 1; lastKnownFileType = text.xcconfig; name = "Pods-neuroTests.debug.xcconfig"; path = "Pods/Target Support Files/Pods-neuroTests/Pods-neuroTests.debug.xcconfig"; sourceTree = "<group>"; };
		42E45A79627DAB3C28D4859C /* Pods-neuroTests.release.xcconfig */ = {isa = PBXFileReference; includeInIndex = 1; lastKnownFileType = text.xcconfig; name = "Pods-neuroTests.release.xcconfig"; path = "Pods/Target Support Files/Pods-neuroTests/Pods-neuroTests.release.xcconfig"; sourceTree = "<group>"; };
		46885D1915EEB00B5710E4E4 /* libPods-neuroTests.a */ = {isa = PBXFileReference; explicitFileType = archive.ar; includeInIndex = 0; path = "libPods-neuroTests.a"; sourceTree = BUILT_PRODUCTS_DIR; };
		4AB012107F4EE16DFDD7C3D9 /* Pods-neuro.debug.xcconfig */ = {isa = PBXFileReference; includeInIndex = 1; lastKnownFileType = text.xcconfig; name = "Pods-neuro.debug.xcconfig"; path = "Pods/Target Support Files/Pods-neuro/Pods-neuro.debug.xcconfig"; sourceTree = "<group>"; };
		535660F61D8FC7BD43F36712 /* Pods-neuroUITests.release.xcconfig */ = {isa = PBXFileReference; includeInIndex = 1; lastKnownFileType = text.xcconfig; name = "Pods-neuroUITests.release.xcconfig"; path = "Pods/Target Support Files/Pods-neuroUITests/Pods-neuroUITests.release.xcconfig"; sourceTree = "<group>"; };
		603D437A1E9804F7004D9666 /* neuro.app */ = {isa = PBXFileReference; explicitFileType = wrapper.application; includeInIndex = 0; path = neuro.app; sourceTree = BUILT_PRODUCTS_DIR; };
		603D437E1E9804F7004D9666 /* main.m */ = {isa = PBXFileReference; lastKnownFileType = sourcecode.c.objc; path = main.m; sourceTree = "<group>"; };
		603D43801E9804F7004D9666 /* AppDelegate.h */ = {isa = PBXFileReference; lastKnownFileType = sourcecode.c.h; path = AppDelegate.h; sourceTree = "<group>"; };
		603D43811E9804F7004D9666 /* AppDelegate.m */ = {isa = PBXFileReference; lastKnownFileType = sourcecode.c.objc; path = AppDelegate.m; sourceTree = "<group>"; };
		603D43871E9804F8004D9666 /* Base */ = {isa = PBXFileReference; lastKnownFileType = file.storyboard; name = Base; path = Base.lproj/Main.storyboard; sourceTree = "<group>"; };
		603D43891E9804F8004D9666 /* Assets.xcassets */ = {isa = PBXFileReference; lastKnownFileType = folder.assetcatalog; path = Assets.xcassets; sourceTree = "<group>"; };
		603D438C1E9804F8004D9666 /* Base */ = {isa = PBXFileReference; lastKnownFileType = file.storyboard; name = Base; path = Base.lproj/LaunchScreen.storyboard; sourceTree = "<group>"; };
		603D438E1E9804F8004D9666 /* Info.plist */ = {isa = PBXFileReference; lastKnownFileType = text.plist.xml; path = Info.plist; sourceTree = "<group>"; };
		603D43931E9804F8004D9666 /* neuroTests.xctest */ = {isa = PBXFileReference; explicitFileType = wrapper.cfbundle; includeInIndex = 0; path = neuroTests.xctest; sourceTree = BUILT_PRODUCTS_DIR; };
		603D43971E9804F8004D9666 /* neuroTests.m */ = {isa = PBXFileReference; lastKnownFileType = sourcecode.c.objc; path = neuroTests.m; sourceTree = "<group>"; };
		603D43991E9804F8004D9666 /* Info.plist */ = {isa = PBXFileReference; lastKnownFileType = text.plist.xml; path = Info.plist; sourceTree = "<group>"; };
		603D439E1E9804F8004D9666 /* neuroUITests.xctest */ = {isa = PBXFileReference; explicitFileType = wrapper.cfbundle; includeInIndex = 0; path = neuroUITests.xctest; sourceTree = BUILT_PRODUCTS_DIR; };
		603D43A21E9804F8004D9666 /* neuroUITests.m */ = {isa = PBXFileReference; lastKnownFileType = sourcecode.c.objc; path = neuroUITests.m; sourceTree = "<group>"; };
		603D43A41E9804F8004D9666 /* Info.plist */ = {isa = PBXFileReference; lastKnownFileType = text.plist.xml; path = Info.plist; sourceTree = "<group>"; };
		603D43B01E980604004D9666 /* Muse.framework */ = {isa = PBXFileReference; lastKnownFileType = wrapper.framework; path = Muse.framework; sourceTree = "<group>"; };
		603D43B31E98062D004D9666 /* CoreBluetooth.framework */ = {isa = PBXFileReference; lastKnownFileType = wrapper.framework; name = CoreBluetooth.framework; path = System/Library/Frameworks/CoreBluetooth.framework; sourceTree = SDKROOT; };
		603D43B51E98063A004D9666 /* libc++.tbd */ = {isa = PBXFileReference; lastKnownFileType = "sourcecode.text-based-dylib-definition"; name = "libc++.tbd"; path = "usr/lib/libc++.tbd"; sourceTree = SDKROOT; };
		603D43B71E9806AA004D9666 /* SimpleController.h */ = {isa = PBXFileReference; fileEncoding = 4; lastKnownFileType = sourcecode.c.h; path = SimpleController.h; sourceTree = "<group>"; };
		603D43B81E9806AA004D9666 /* SimpleController.m */ = {isa = PBXFileReference; fileEncoding = 4; lastKnownFileType = sourcecode.c.objc; path = SimpleController.m; sourceTree = "<group>"; };
		603D43B91E9806AA004D9666 /* SimpleController.xib */ = {isa = PBXFileReference; fileEncoding = 4; lastKnownFileType = file.xib; path = SimpleController.xib; sourceTree = "<group>"; };
		6073236B1EB68C5A00D4BBAF /* DetailViewController.h */ = {isa = PBXFileReference; fileEncoding = 4; lastKnownFileType = sourcecode.c.h; name = DetailViewController.h; path = VC/DetailViewController.h; sourceTree = "<group>"; };
		6073236C1EB68C5A00D4BBAF /* DetailViewController.m */ = {isa = PBXFileReference; fileEncoding = 4; lastKnownFileType = sourcecode.c.objc; name = DetailViewController.m; path = VC/DetailViewController.m; sourceTree = "<group>"; };
		6073236E1EB68D7A00D4BBAF /* Singleton.h */ = {isa = PBXFileReference; fileEncoding = 4; lastKnownFileType = sourcecode.c.h; path = Singleton.h; sourceTree = "<group>"; };
		6073236F1EB68D7A00D4BBAF /* Singleton.m */ = {isa = PBXFileReference; fileEncoding = 4; lastKnownFileType = sourcecode.c.objc; path = Singleton.m; sourceTree = "<group>"; };
		607323741EB6A02F00D4BBAF /* neuro-Bridging-Header.h */ = {isa = PBXFileReference; lastKnownFileType = sourcecode.c.h; path = "neuro-Bridging-Header.h"; sourceTree = "<group>"; };
		609AA5261EB79CB800B2B449 /* Charts.framework */ = {isa = PBXFileReference; lastKnownFileType = wrapper.framework; path = Charts.framework; sourceTree = "<group>"; };
		609AA52B1EB7A52200B2B449 /* ObserveViewController.h */ = {isa = PBXFileReference; fileEncoding = 4; lastKnownFileType = sourcecode.c.h; name = ObserveViewController.h; path = VC/ObserveViewController.h; sourceTree = "<group>"; };
		609AA52C1EB7A52200B2B449 /* ObserveViewController.m */ = {isa = PBXFileReference; fileEncoding = 4; lastKnownFileType = sourcecode.c.objc; name = ObserveViewController.m; path = VC/ObserveViewController.m; sourceTree = "<group>"; };
		609AA52F1EB7A5B300B2B449 /* BaseVC.h */ = {isa = PBXFileReference; fileEncoding = 4; lastKnownFileType = sourcecode.c.h; name = BaseVC.h; path = Base/BaseVC.h; sourceTree = "<group>"; };
		609AA5301EB7A5B300B2B449 /* BaseVC.m */ = {isa = PBXFileReference; fileEncoding = 4; lastKnownFileType = sourcecode.c.objc; name = BaseVC.m; path = Base/BaseVC.m; sourceTree = "<group>"; };
		60B96B9E1EB54F0E00D9BED5 /* MainViewController.h */ = {isa = PBXFileReference; fileEncoding = 4; lastKnownFileType = sourcecode.c.h; name = MainViewController.h; path = VC/MainViewController.h; sourceTree = "<group>"; };
		60B96B9F1EB54F0E00D9BED5 /* MainViewController.m */ = {isa = PBXFileReference; fileEncoding = 4; lastKnownFileType = sourcecode.c.objc; name = MainViewController.m; path = VC/MainViewController.m; sourceTree = "<group>"; };
		7AA7739F3A9B81A91C66DC56 /* Pods-neuro.release.xcconfig */ = {isa = PBXFileReference; includeInIndex = 1; lastKnownFileType = text.xcconfig; name = "Pods-neuro.release.xcconfig"; path = "Pods/Target Support Files/Pods-neuro/Pods-neuro.release.xcconfig"; sourceTree = "<group>"; };
		97B64666F3B287C4EADCA262 /* libPods-neuro.a */ = {isa = PBXFileReference; explicitFileType = archive.ar; includeInIndex = 0; path = "libPods-neuro.a"; sourceTree = BUILT_PRODUCTS_DIR; };
/* End PBXFileReference section */

/* Begin PBXFrameworksBuildPhase section */
		603D43771E9804F7004D9666 /* Frameworks */ = {
			isa = PBXFrameworksBuildPhase;
			buildActionMask = 2147483647;
			files = (
				603D43B61E98063A004D9666 /* libc++.tbd in Frameworks */,
				603D43B41E98062D004D9666 /* CoreBluetooth.framework in Frameworks */,
				609AA5271EB79CB800B2B449 /* Charts.framework in Frameworks */,
				609AA5281EB79CBE00B2B449 /* Charts.framework in Frameworks */,
				603D43B11E980604004D9666 /* Muse.framework in Frameworks */,
				B6635B4700C048682C445199 /* libPods-neuro.a in Frameworks */,
			);
			runOnlyForDeploymentPostprocessing = 0;
		};
		603D43901E9804F8004D9666 /* Frameworks */ = {
			isa = PBXFrameworksBuildPhase;
			buildActionMask = 2147483647;
			files = (
				C4BA470EFA1F017169EF23F3 /* libPods-neuroTests.a in Frameworks */,
			);
			runOnlyForDeploymentPostprocessing = 0;
		};
		603D439B1E9804F8004D9666 /* Frameworks */ = {
			isa = PBXFrameworksBuildPhase;
			buildActionMask = 2147483647;
			files = (
				06A84164E52EBE2D9228F4CF /* libPods-neuroUITests.a in Frameworks */,
			);
			runOnlyForDeploymentPostprocessing = 0;
		};
/* End PBXFrameworksBuildPhase section */

/* Begin PBXGroup section */
		1804CD28E31078C559777C07 /* Pods */ = {
			isa = PBXGroup;
			children = (
				4AB012107F4EE16DFDD7C3D9 /* Pods-neuro.debug.xcconfig */,
				7AA7739F3A9B81A91C66DC56 /* Pods-neuro.release.xcconfig */,
				420478CE3F3E20D22637DBEC /* Pods-neuroTests.debug.xcconfig */,
				42E45A79627DAB3C28D4859C /* Pods-neuroTests.release.xcconfig */,
				22988033FA652259BD65F3D4 /* Pods-neuroUITests.debug.xcconfig */,
				535660F61D8FC7BD43F36712 /* Pods-neuroUITests.release.xcconfig */,
			);
			name = Pods;
			sourceTree = "<group>";
		};
		603D43711E9804F7004D9666 = {
			isa = PBXGroup;
			children = (
				603D437C1E9804F7004D9666 /* neuro */,
				603D43961E9804F8004D9666 /* neuroTests */,
				603D43A11E9804F8004D9666 /* neuroUITests */,
				603D437B1E9804F7004D9666 /* Products */,
				603D43B21E98062D004D9666 /* Frameworks */,
				1804CD28E31078C559777C07 /* Pods */,
				607323741EB6A02F00D4BBAF /* neuro-Bridging-Header.h */,
			);
			sourceTree = "<group>";
		};
		603D437B1E9804F7004D9666 /* Products */ = {
			isa = PBXGroup;
			children = (
				603D437A1E9804F7004D9666 /* neuro.app */,
				603D43931E9804F8004D9666 /* neuroTests.xctest */,
				603D439E1E9804F8004D9666 /* neuroUITests.xctest */,
			);
			name = Products;
			sourceTree = "<group>";
		};
		603D437C1E9804F7004D9666 /* neuro */ = {
			isa = PBXGroup;
			children = (
				603D43801E9804F7004D9666 /* AppDelegate.h */,
				603D43811E9804F7004D9666 /* AppDelegate.m */,
				603D43861E9804F8004D9666 /* Main.storyboard */,
				603D438B1E9804F8004D9666 /* LaunchScreen.storyboard */,
				603D438E1E9804F8004D9666 /* Info.plist */,
				603D43B71E9806AA004D9666 /* SimpleController.h */,
				603D43B81E9806AA004D9666 /* SimpleController.m */,
				6073236E1EB68D7A00D4BBAF /* Singleton.h */,
				6073236F1EB68D7A00D4BBAF /* Singleton.m */,
				609AA52E1EB7A59300B2B449 /* Base */,
				60B96BA11EB54F1400D9BED5 /* Scenes */,
				603D43B91E9806AA004D9666 /* SimpleController.xib */,
				603D43891E9804F8004D9666 /* Assets.xcassets */,
				603D43B01E980604004D9666 /* Muse.framework */,
				603D437D1E9804F7004D9666 /* Supporting Files */,
			);
			path = neuro;
			sourceTree = "<group>";
		};
		603D437D1E9804F7004D9666 /* Supporting Files */ = {
			isa = PBXGroup;
			children = (
				603D437E1E9804F7004D9666 /* main.m */,
			);
			name = "Supporting Files";
			sourceTree = "<group>";
		};
		603D43961E9804F8004D9666 /* neuroTests */ = {
			isa = PBXGroup;
			children = (
				603D43971E9804F8004D9666 /* neuroTests.m */,
				603D43991E9804F8004D9666 /* Info.plist */,
			);
			path = neuroTests;
			sourceTree = "<group>";
		};
		603D43A11E9804F8004D9666 /* neuroUITests */ = {
			isa = PBXGroup;
			children = (
				603D43A21E9804F8004D9666 /* neuroUITests.m */,
				603D43A41E9804F8004D9666 /* Info.plist */,
			);
			path = neuroUITests;
			sourceTree = "<group>";
		};
		603D43B21E98062D004D9666 /* Frameworks */ = {
			isa = PBXGroup;
			children = (
				603D43B51E98063A004D9666 /* libc++.tbd */,
				609AA5261EB79CB800B2B449 /* Charts.framework */,
				603D43B31E98062D004D9666 /* CoreBluetooth.framework */,
				97B64666F3B287C4EADCA262 /* libPods-neuro.a */,
				46885D1915EEB00B5710E4E4 /* libPods-neuroTests.a */,
				1600298613AF782E567D7332 /* libPods-neuroUITests.a */,
			);
			name = Frameworks;
			sourceTree = "<group>";
		};
		609AA52E1EB7A59300B2B449 /* Base */ = {
			isa = PBXGroup;
			children = (
				609AA52F1EB7A5B300B2B449 /* BaseVC.h */,
				609AA5301EB7A5B300B2B449 /* BaseVC.m */,
			);
			name = Base;
			sourceTree = "<group>";
		};
		60B96BA11EB54F1400D9BED5 /* Scenes */ = {
			isa = PBXGroup;
			children = (
				60B96BA21EB54F1E00D9BED5 /* Main */,
			);
			name = Scenes;
			sourceTree = "<group>";
		};
		60B96BA21EB54F1E00D9BED5 /* Main */ = {
			isa = PBXGroup;
			children = (
				60B96B9E1EB54F0E00D9BED5 /* MainViewController.h */,
				60B96B9F1EB54F0E00D9BED5 /* MainViewController.m */,
				6073236B1EB68C5A00D4BBAF /* DetailViewController.h */,
				6073236C1EB68C5A00D4BBAF /* DetailViewController.m */,
				609AA52B1EB7A52200B2B449 /* ObserveViewController.h */,
				609AA52C1EB7A52200B2B449 /* ObserveViewController.m */,
			);
			name = Main;
			sourceTree = "<group>";
		};
/* End PBXGroup section */

/* Begin PBXNativeTarget section */
		603D43791E9804F7004D9666 /* neuro */ = {
			isa = PBXNativeTarget;
			buildConfigurationList = 603D43A71E9804F8004D9666 /* Build configuration list for PBXNativeTarget "neuro" */;
			buildPhases = (
				ADF1C9AA4EFC71E05D88C0CE /* [CP] Check Pods Manifest.lock */,
				603D43761E9804F7004D9666 /* Sources */,
				603D43771E9804F7004D9666 /* Frameworks */,
				603D43781E9804F7004D9666 /* Resources */,
				963DCD891CCC551C5D826414 /* [CP] Embed Pods Frameworks */,
				29E7BD236C4971FF171BB9F7 /* [CP] Copy Pods Resources */,
				609AA52A1EB79CBE00B2B449 /* Embed Frameworks */,
			);
			buildRules = (
			);
			dependencies = (
			);
			name = neuro;
			productName = neuro;
			productReference = 603D437A1E9804F7004D9666 /* neuro.app */;
			productType = "com.apple.product-type.application";
		};
		603D43921E9804F8004D9666 /* neuroTests */ = {
			isa = PBXNativeTarget;
			buildConfigurationList = 603D43AA1E9804F8004D9666 /* Build configuration list for PBXNativeTarget "neuroTests" */;
			buildPhases = (
				3E8D575ADA50C83F3D624878 /* [CP] Check Pods Manifest.lock */,
				603D438F1E9804F8004D9666 /* Sources */,
				603D43901E9804F8004D9666 /* Frameworks */,
				603D43911E9804F8004D9666 /* Resources */,
				1CA9C6CC4DD76704B7255F87 /* [CP] Embed Pods Frameworks */,
				D73ED1EC61F406E78037AE87 /* [CP] Copy Pods Resources */,
			);
			buildRules = (
			);
			dependencies = (
				603D43951E9804F8004D9666 /* PBXTargetDependency */,
			);
			name = neuroTests;
			productName = neuroTests;
			productReference = 603D43931E9804F8004D9666 /* neuroTests.xctest */;
			productType = "com.apple.product-type.bundle.unit-test";
		};
		603D439D1E9804F8004D9666 /* neuroUITests */ = {
			isa = PBXNativeTarget;
			buildConfigurationList = 603D43AD1E9804F8004D9666 /* Build configuration list for PBXNativeTarget "neuroUITests" */;
			buildPhases = (
				B214D583B61D9B1F05F3CE67 /* [CP] Check Pods Manifest.lock */,
				603D439A1E9804F8004D9666 /* Sources */,
				603D439B1E9804F8004D9666 /* Frameworks */,
				603D439C1E9804F8004D9666 /* Resources */,
				19A71BC2D5E8CDA359E07C9F /* [CP] Embed Pods Frameworks */,
				03FBA450CBC774D57709CB9F /* [CP] Copy Pods Resources */,
			);
			buildRules = (
			);
			dependencies = (
				603D43A01E9804F8004D9666 /* PBXTargetDependency */,
			);
			name = neuroUITests;
			productName = neuroUITests;
			productReference = 603D439E1E9804F8004D9666 /* neuroUITests.xctest */;
			productType = "com.apple.product-type.bundle.ui-testing";
		};
/* End PBXNativeTarget section */

/* Begin PBXProject section */
		603D43721E9804F7004D9666 /* Project object */ = {
			isa = PBXProject;
			attributes = {
				LastUpgradeCheck = 0820;
				ORGANIZATIONNAME = "Mert Neşvat";
				TargetAttributes = {
					603D43791E9804F7004D9666 = {
						CreatedOnToolsVersion = 8.2.1;
						DevelopmentTeam = 3YA74M59BZ;
						LastSwiftMigration = 0830;
						ProvisioningStyle = Automatic;
					};
					603D43921E9804F8004D9666 = {
						CreatedOnToolsVersion = 8.2.1;
						DevelopmentTeam = 3YA74M59BZ;
						ProvisioningStyle = Automatic;
						TestTargetID = 603D43791E9804F7004D9666;
					};
					603D439D1E9804F8004D9666 = {
						CreatedOnToolsVersion = 8.2.1;
						DevelopmentTeam = 3YA74M59BZ;
						ProvisioningStyle = Automatic;
						TestTargetID = 603D43791E9804F7004D9666;
					};
				};
			};
			buildConfigurationList = 603D43751E9804F7004D9666 /* Build configuration list for PBXProject "neuro" */;
			compatibilityVersion = "Xcode 3.2";
			developmentRegion = English;
			hasScannedForEncodings = 0;
			knownRegions = (
				en,
				Base,
			);
			mainGroup = 603D43711E9804F7004D9666;
			productRefGroup = 603D437B1E9804F7004D9666 /* Products */;
			projectDirPath = "";
			projectRoot = "";
			targets = (
				603D43791E9804F7004D9666 /* neuro */,
				603D43921E9804F8004D9666 /* neuroTests */,
				603D439D1E9804F8004D9666 /* neuroUITests */,
			);
		};
/* End PBXProject section */

/* Begin PBXResourcesBuildPhase section */
		603D43781E9804F7004D9666 /* Resources */ = {
			isa = PBXResourcesBuildPhase;
			buildActionMask = 2147483647;
			files = (
				603D438D1E9804F8004D9666 /* LaunchScreen.storyboard in Resources */,
				603D438A1E9804F8004D9666 /* Assets.xcassets in Resources */,
				603D43881E9804F8004D9666 /* Main.storyboard in Resources */,
				603D43BB1E9806AA004D9666 /* SimpleController.xib in Resources */,
			);
			runOnlyForDeploymentPostprocessing = 0;
		};
		603D43911E9804F8004D9666 /* Resources */ = {
			isa = PBXResourcesBuildPhase;
			buildActionMask = 2147483647;
			files = (
			);
			runOnlyForDeploymentPostprocessing = 0;
		};
		603D439C1E9804F8004D9666 /* Resources */ = {
			isa = PBXResourcesBuildPhase;
			buildActionMask = 2147483647;
			files = (
			);
			runOnlyForDeploymentPostprocessing = 0;
		};
/* End PBXResourcesBuildPhase section */

/* Begin PBXShellScriptBuildPhase section */
		03FBA450CBC774D57709CB9F /* [CP] Copy Pods Resources */ = {
			isa = PBXShellScriptBuildPhase;
			buildActionMask = 2147483647;
			files = (
			);
			inputPaths = (
			);
			name = "[CP] Copy Pods Resources";
			outputPaths = (
			);
			runOnlyForDeploymentPostprocessing = 0;
			shellPath = /bin/sh;
			shellScript = "\"${SRCROOT}/Pods/Target Support Files/Pods-neuroUITests/Pods-neuroUITests-resources.sh\"\n";
			showEnvVarsInLog = 0;
		};
		19A71BC2D5E8CDA359E07C9F /* [CP] Embed Pods Frameworks */ = {
			isa = PBXShellScriptBuildPhase;
			buildActionMask = 2147483647;
			files = (
			);
			inputPaths = (
			);
			name = "[CP] Embed Pods Frameworks";
			outputPaths = (
			);
			runOnlyForDeploymentPostprocessing = 0;
			shellPath = /bin/sh;
			shellScript = "\"${SRCROOT}/Pods/Target Support Files/Pods-neuroUITests/Pods-neuroUITests-frameworks.sh\"\n";
			showEnvVarsInLog = 0;
		};
		1CA9C6CC4DD76704B7255F87 /* [CP] Embed Pods Frameworks */ = {
			isa = PBXShellScriptBuildPhase;
			buildActionMask = 2147483647;
			files = (
			);
			inputPaths = (
			);
			name = "[CP] Embed Pods Frameworks";
			outputPaths = (
			);
			runOnlyForDeploymentPostprocessing = 0;
			shellPath = /bin/sh;
			shellScript = "\"${SRCROOT}/Pods/Target Support Files/Pods-neuroTests/Pods-neuroTests-frameworks.sh\"\n";
			showEnvVarsInLog = 0;
		};
		29E7BD236C4971FF171BB9F7 /* [CP] Copy Pods Resources */ = {
			isa = PBXShellScriptBuildPhase;
			buildActionMask = 2147483647;
			files = (
			);
			inputPaths = (
			);
			name = "[CP] Copy Pods Resources";
			outputPaths = (
			);
			runOnlyForDeploymentPostprocessing = 0;
			shellPath = /bin/sh;
			shellScript = "\"${SRCROOT}/Pods/Target Support Files/Pods-neuro/Pods-neuro-resources.sh\"\n";
			showEnvVarsInLog = 0;
		};
		3E8D575ADA50C83F3D624878 /* [CP] Check Pods Manifest.lock */ = {
			isa = PBXShellScriptBuildPhase;
			buildActionMask = 2147483647;
			files = (
			);
			inputPaths = (
			);
			name = "[CP] Check Pods Manifest.lock";
			outputPaths = (
			);
			runOnlyForDeploymentPostprocessing = 0;
			shellPath = /bin/sh;
			shellScript = "diff \"${PODS_ROOT}/../Podfile.lock\" \"${PODS_ROOT}/Manifest.lock\" > /dev/null\nif [ $? != 0 ] ; then\n    # print error to STDERR\n    echo \"error: The sandbox is not in sync with the Podfile.lock. Run 'pod install' or update your CocoaPods installation.\" >&2\n    exit 1\nfi\n";
			showEnvVarsInLog = 0;
		};
		963DCD891CCC551C5D826414 /* [CP] Embed Pods Frameworks */ = {
			isa = PBXShellScriptBuildPhase;
			buildActionMask = 2147483647;
			files = (
			);
			inputPaths = (
			);
			name = "[CP] Embed Pods Frameworks";
			outputPaths = (
			);
			runOnlyForDeploymentPostprocessing = 0;
			shellPath = /bin/sh;
			shellScript = "\"${SRCROOT}/Pods/Target Support Files/Pods-neuro/Pods-neuro-frameworks.sh\"\n";
			showEnvVarsInLog = 0;
		};
		ADF1C9AA4EFC71E05D88C0CE /* [CP] Check Pods Manifest.lock */ = {
			isa = PBXShellScriptBuildPhase;
			buildActionMask = 2147483647;
			files = (
			);
			inputPaths = (
			);
			name = "[CP] Check Pods Manifest.lock";
			outputPaths = (
			);
			runOnlyForDeploymentPostprocessing = 0;
			shellPath = /bin/sh;
			shellScript = "diff \"${PODS_ROOT}/../Podfile.lock\" \"${PODS_ROOT}/Manifest.lock\" > /dev/null\nif [ $? != 0 ] ; then\n    # print error to STDERR\n    echo \"error: The sandbox is not in sync with the Podfile.lock. Run 'pod install' or update your CocoaPods installation.\" >&2\n    exit 1\nfi\n";
			showEnvVarsInLog = 0;
		};
		B214D583B61D9B1F05F3CE67 /* [CP] Check Pods Manifest.lock */ = {
			isa = PBXShellScriptBuildPhase;
			buildActionMask = 2147483647;
			files = (
			);
			inputPaths = (
			);
			name = "[CP] Check Pods Manifest.lock";
			outputPaths = (
			);
			runOnlyForDeploymentPostprocessing = 0;
			shellPath = /bin/sh;
			shellScript = "diff \"${PODS_ROOT}/../Podfile.lock\" \"${PODS_ROOT}/Manifest.lock\" > /dev/null\nif [ $? != 0 ] ; then\n    # print error to STDERR\n    echo \"error: The sandbox is not in sync with the Podfile.lock. Run 'pod install' or update your CocoaPods installation.\" >&2\n    exit 1\nfi\n";
			showEnvVarsInLog = 0;
		};
		D73ED1EC61F406E78037AE87 /* [CP] Copy Pods Resources */ = {
			isa = PBXShellScriptBuildPhase;
			buildActionMask = 2147483647;
			files = (
			);
			inputPaths = (
			);
			name = "[CP] Copy Pods Resources";
			outputPaths = (
			);
			runOnlyForDeploymentPostprocessing = 0;
			shellPath = /bin/sh;
			shellScript = "\"${SRCROOT}/Pods/Target Support Files/Pods-neuroTests/Pods-neuroTests-resources.sh\"\n";
			showEnvVarsInLog = 0;
		};
/* End PBXShellScriptBuildPhase section */

/* Begin PBXSourcesBuildPhase section */
		603D43761E9804F7004D9666 /* Sources */ = {
			isa = PBXSourcesBuildPhase;
			buildActionMask = 2147483647;
			files = (
				6073236D1EB68C5A00D4BBAF /* DetailViewController.m in Sources */,
				603D43821E9804F7004D9666 /* AppDelegate.m in Sources */,
				603D437F1E9804F7004D9666 /* main.m in Sources */,
				607323701EB68D7A00D4BBAF /* Singleton.m in Sources */,
				609AA52D1EB7A52200B2B449 /* ObserveViewController.m in Sources */,
				603D43BA1E9806AA004D9666 /* SimpleController.m in Sources */,
				60B96BA01EB54F0E00D9BED5 /* MainViewController.m in Sources */,
				609AA5311EB7A5B300B2B449 /* BaseVC.m in Sources */,
			);
			runOnlyForDeploymentPostprocessing = 0;
		};
		603D438F1E9804F8004D9666 /* Sources */ = {
			isa = PBXSourcesBuildPhase;
			buildActionMask = 2147483647;
			files = (
				603D43981E9804F8004D9666 /* neuroTests.m in Sources */,
			);
			runOnlyForDeploymentPostprocessing = 0;
		};
		603D439A1E9804F8004D9666 /* Sources */ = {
			isa = PBXSourcesBuildPhase;
			buildActionMask = 2147483647;
			files = (
				603D43A31E9804F8004D9666 /* neuroUITests.m in Sources */,
			);
			runOnlyForDeploymentPostprocessing = 0;
		};
/* End PBXSourcesBuildPhase section */

/* Begin PBXTargetDependency section */
		603D43951E9804F8004D9666 /* PBXTargetDependency */ = {
			isa = PBXTargetDependency;
			target = 603D43791E9804F7004D9666 /* neuro */;
			targetProxy = 603D43941E9804F8004D9666 /* PBXContainerItemProxy */;
		};
		603D43A01E9804F8004D9666 /* PBXTargetDependency */ = {
			isa = PBXTargetDependency;
			target = 603D43791E9804F7004D9666 /* neuro */;
			targetProxy = 603D439F1E9804F8004D9666 /* PBXContainerItemProxy */;
		};
/* End PBXTargetDependency section */

/* Begin PBXVariantGroup section */
		603D43861E9804F8004D9666 /* Main.storyboard */ = {
			isa = PBXVariantGroup;
			children = (
				603D43871E9804F8004D9666 /* Base */,
			);
			name = Main.storyboard;
			sourceTree = "<group>";
		};
		603D438B1E9804F8004D9666 /* LaunchScreen.storyboard */ = {
			isa = PBXVariantGroup;
			children = (
				603D438C1E9804F8004D9666 /* Base */,
			);
			name = LaunchScreen.storyboard;
			sourceTree = "<group>";
		};
/* End PBXVariantGroup section */

/* Begin XCBuildConfiguration section */
		603D43A51E9804F8004D9666 /* Debug */ = {
			isa = XCBuildConfiguration;
			buildSettings = {
				ALWAYS_SEARCH_USER_PATHS = NO;
				CLANG_ANALYZER_NONNULL = YES;
				CLANG_CXX_LANGUAGE_STANDARD = "gnu++0x";
				CLANG_CXX_LIBRARY = "libc++";
				CLANG_ENABLE_MODULES = YES;
				CLANG_ENABLE_OBJC_ARC = YES;
				CLANG_WARN_BOOL_CONVERSION = YES;
				CLANG_WARN_CONSTANT_CONVERSION = YES;
				CLANG_WARN_DIRECT_OBJC_ISA_USAGE = YES_ERROR;
				CLANG_WARN_DOCUMENTATION_COMMENTS = YES;
				CLANG_WARN_EMPTY_BODY = YES;
				CLANG_WARN_ENUM_CONVERSION = YES;
				CLANG_WARN_INFINITE_RECURSION = YES;
				CLANG_WARN_INT_CONVERSION = YES;
				CLANG_WARN_OBJC_ROOT_CLASS = YES_ERROR;
				CLANG_WARN_SUSPICIOUS_MOVE = YES;
				CLANG_WARN_UNREACHABLE_CODE = YES;
				CLANG_WARN__DUPLICATE_METHOD_MATCH = YES;
				"CODE_SIGN_IDENTITY[sdk=iphoneos*]" = "iPhone Developer";
				COPY_PHASE_STRIP = NO;
				DEBUG_INFORMATION_FORMAT = dwarf;
				ENABLE_STRICT_OBJC_MSGSEND = YES;
				ENABLE_TESTABILITY = YES;
				GCC_C_LANGUAGE_STANDARD = gnu99;
				GCC_DYNAMIC_NO_PIC = NO;
				GCC_NO_COMMON_BLOCKS = YES;
				GCC_OPTIMIZATION_LEVEL = 0;
				GCC_PREPROCESSOR_DEFINITIONS = (
					"DEBUG=1",
					"$(inherited)",
				);
				GCC_WARN_64_TO_32_BIT_CONVERSION = YES;
				GCC_WARN_ABOUT_RETURN_TYPE = YES_ERROR;
				GCC_WARN_UNDECLARED_SELECTOR = YES;
				GCC_WARN_UNINITIALIZED_AUTOS = YES_AGGRESSIVE;
				GCC_WARN_UNUSED_FUNCTION = YES;
				GCC_WARN_UNUSED_VARIABLE = YES;
				IPHONEOS_DEPLOYMENT_TARGET = 10.2;
				MTL_ENABLE_DEBUG_INFO = YES;
				ONLY_ACTIVE_ARCH = YES;
				SDKROOT = iphoneos;
				TARGETED_DEVICE_FAMILY = "1,2";
			};
			name = Debug;
		};
		603D43A61E9804F8004D9666 /* Release */ = {
			isa = XCBuildConfiguration;
			buildSettings = {
				ALWAYS_SEARCH_USER_PATHS = NO;
				CLANG_ANALYZER_NONNULL = YES;
				CLANG_CXX_LANGUAGE_STANDARD = "gnu++0x";
				CLANG_CXX_LIBRARY = "libc++";
				CLANG_ENABLE_MODULES = YES;
				CLANG_ENABLE_OBJC_ARC = YES;
				CLANG_WARN_BOOL_CONVERSION = YES;
				CLANG_WARN_CONSTANT_CONVERSION = YES;
				CLANG_WARN_DIRECT_OBJC_ISA_USAGE = YES_ERROR;
				CLANG_WARN_DOCUMENTATION_COMMENTS = YES;
				CLANG_WARN_EMPTY_BODY = YES;
				CLANG_WARN_ENUM_CONVERSION = YES;
				CLANG_WARN_INFINITE_RECURSION = YES;
				CLANG_WARN_INT_CONVERSION = YES;
				CLANG_WARN_OBJC_ROOT_CLASS = YES_ERROR;
				CLANG_WARN_SUSPICIOUS_MOVE = YES;
				CLANG_WARN_UNREACHABLE_CODE = YES;
				CLANG_WARN__DUPLICATE_METHOD_MATCH = YES;
				"CODE_SIGN_IDENTITY[sdk=iphoneos*]" = "iPhone Developer";
				COPY_PHASE_STRIP = NO;
				DEBUG_INFORMATION_FORMAT = "dwarf-with-dsym";
				ENABLE_NS_ASSERTIONS = NO;
				ENABLE_STRICT_OBJC_MSGSEND = YES;
				GCC_C_LANGUAGE_STANDARD = gnu99;
				GCC_NO_COMMON_BLOCKS = YES;
				GCC_WARN_64_TO_32_BIT_CONVERSION = YES;
				GCC_WARN_ABOUT_RETURN_TYPE = YES_ERROR;
				GCC_WARN_UNDECLARED_SELECTOR = YES;
				GCC_WARN_UNINITIALIZED_AUTOS = YES_AGGRESSIVE;
				GCC_WARN_UNUSED_FUNCTION = YES;
				GCC_WARN_UNUSED_VARIABLE = YES;
				IPHONEOS_DEPLOYMENT_TARGET = 10.2;
				MTL_ENABLE_DEBUG_INFO = NO;
				SDKROOT = iphoneos;
				TARGETED_DEVICE_FAMILY = "1,2";
				VALIDATE_PRODUCT = YES;
			};
			name = Release;
		};
		603D43A81E9804F8004D9666 /* Debug */ = {
			isa = XCBuildConfiguration;
			baseConfigurationReference = 4AB012107F4EE16DFDD7C3D9 /* Pods-neuro.debug.xcconfig */;
			buildSettings = {
				ALWAYS_EMBED_SWIFT_STANDARD_LIBRARIES = YES;
				ASSETCATALOG_COMPILER_APPICON_NAME = AppIcon;
				CLANG_ENABLE_MODULES = YES;
				DEVELOPMENT_TEAM = 3YA74M59BZ;
				ENABLE_BITCODE = NO;
				FRAMEWORK_SEARCH_PATHS = (
					"$(inherited)",
					"$(PROJECT_DIR)/neuro",
					"$(PROJECT_DIR)",
				);
				INFOPLIST_FILE = neuro/Info.plist;
				LD_RUNPATH_SEARCH_PATHS = "$(inherited) @executable_path/Frameworks";
				PRODUCT_BUNDLE_IDENTIFIER = com.mertnesvat.neuro;
				PRODUCT_NAME = "$(TARGET_NAME)";
				SWIFT_OBJC_BRIDGING_HEADER = "neuro-Bridging-Header.h";
				SWIFT_OPTIMIZATION_LEVEL = "-Onone";
				SWIFT_VERSION = 3.0;
			};
			name = Debug;
		};
		603D43A91E9804F8004D9666 /* Release */ = {
			isa = XCBuildConfiguration;
			baseConfigurationReference = 7AA7739F3A9B81A91C66DC56 /* Pods-neuro.release.xcconfig */;
			buildSettings = {
				ALWAYS_EMBED_SWIFT_STANDARD_LIBRARIES = YES;
				ASSETCATALOG_COMPILER_APPICON_NAME = AppIcon;
				CLANG_ENABLE_MODULES = YES;
				DEVELOPMENT_TEAM = 3YA74M59BZ;
				ENABLE_BITCODE = NO;
				FRAMEWORK_SEARCH_PATHS = (
					"$(inherited)",
					"$(PROJECT_DIR)/neuro",
					"$(PROJECT_DIR)",
				);
				INFOPLIST_FILE = neuro/Info.plist;
				LD_RUNPATH_SEARCH_PATHS = "$(inherited) @executable_path/Frameworks";
				PRODUCT_BUNDLE_IDENTIFIER = com.mertnesvat.neuro;
				PRODUCT_NAME = "$(TARGET_NAME)";
				SWIFT_OBJC_BRIDGING_HEADER = "neuro-Bridging-Header.h";
				SWIFT_VERSION = 3.0;
			};
			name = Release;
		};
		603D43AB1E9804F8004D9666 /* Debug */ = {
			isa = XCBuildConfiguration;
			baseConfigurationReference = 420478CE3F3E20D22637DBEC /* Pods-neuroTests.debug.xcconfig */;
			buildSettings = {
				BUNDLE_LOADER = "$(TEST_HOST)";
				DEVELOPMENT_TEAM = 3YA74M59BZ;
				INFOPLIST_FILE = neuroTests/Info.plist;
				LD_RUNPATH_SEARCH_PATHS = "$(inherited) @executable_path/Frameworks @loader_path/Frameworks";
				PRODUCT_BUNDLE_IDENTIFIER = com.mertnesvat.neuroTests;
				PRODUCT_NAME = "$(TARGET_NAME)";
				TEST_HOST = "$(BUILT_PRODUCTS_DIR)/neuro.app/neuro";
			};
			name = Debug;
		};
		603D43AC1E9804F8004D9666 /* Release */ = {
			isa = XCBuildConfiguration;
			baseConfigurationReference = 42E45A79627DAB3C28D4859C /* Pods-neuroTests.release.xcconfig */;
			buildSettings = {
				BUNDLE_LOADER = "$(TEST_HOST)";
				DEVELOPMENT_TEAM = 3YA74M59BZ;
				INFOPLIST_FILE = neuroTests/Info.plist;
				LD_RUNPATH_SEARCH_PATHS = "$(inherited) @executable_path/Frameworks @loader_path/Frameworks";
				PRODUCT_BUNDLE_IDENTIFIER = com.mertnesvat.neuroTests;
				PRODUCT_NAME = "$(TARGET_NAME)";
				TEST_HOST = "$(BUILT_PRODUCTS_DIR)/neuro.app/neuro";
			};
			name = Release;
		};
		603D43AE1E9804F8004D9666 /* Debug */ = {
			isa = XCBuildConfiguration;
			baseConfigurationReference = 22988033FA652259BD65F3D4 /* Pods-neuroUITests.debug.xcconfig */;
			buildSettings = {
				DEVELOPMENT_TEAM = 3YA74M59BZ;
				INFOPLIST_FILE = neuroUITests/Info.plist;
				LD_RUNPATH_SEARCH_PATHS = "$(inherited) @executable_path/Frameworks @loader_path/Frameworks";
				PRODUCT_BUNDLE_IDENTIFIER = com.mertnesvat.neuroUITests;
				PRODUCT_NAME = "$(TARGET_NAME)";
				TEST_TARGET_NAME = neuro;
			};
			name = Debug;
		};
		603D43AF1E9804F8004D9666 /* Release */ = {
			isa = XCBuildConfiguration;
			baseConfigurationReference = 535660F61D8FC7BD43F36712 /* Pods-neuroUITests.release.xcconfig */;
			buildSettings = {
				DEVELOPMENT_TEAM = 3YA74M59BZ;
				INFOPLIST_FILE = neuroUITests/Info.plist;
				LD_RUNPATH_SEARCH_PATHS = "$(inherited) @executable_path/Frameworks @loader_path/Frameworks";
				PRODUCT_BUNDLE_IDENTIFIER = com.mertnesvat.neuroUITests;
				PRODUCT_NAME = "$(TARGET_NAME)";
				TEST_TARGET_NAME = neuro;
			};
			name = Release;
		};
/* End XCBuildConfiguration section */

/* Begin XCConfigurationList section */
		603D43751E9804F7004D9666 /* Build configuration list for PBXProject "neuro" */ = {
			isa = XCConfigurationList;
			buildConfigurations = (
				603D43A51E9804F8004D9666 /* Debug */,
				603D43A61E9804F8004D9666 /* Release */,
			);
			defaultConfigurationIsVisible = 0;
			defaultConfigurationName = Release;
		};
		603D43A71E9804F8004D9666 /* Build configuration list for PBXNativeTarget "neuro" */ = {
			isa = XCConfigurationList;
			buildConfigurations = (
				603D43A81E9804F8004D9666 /* Debug */,
				603D43A91E9804F8004D9666 /* Release */,
			);
			defaultConfigurationIsVisible = 0;
			defaultConfigurationName = Release;
		};
		603D43AA1E9804F8004D9666 /* Build configuration list for PBXNativeTarget "neuroTests" */ = {
			isa = XCConfigurationList;
			buildConfigurations = (
				603D43AB1E9804F8004D9666 /* Debug */,
				603D43AC1E9804F8004D9666 /* Release */,
			);
			defaultConfigurationIsVisible = 0;
			defaultConfigurationName = Release;
		};
		603D43AD1E9804F8004D9666 /* Build configuration list for PBXNativeTarget "neuroUITests" */ = {
			isa = XCConfigurationList;
			buildConfigurations = (
				603D43AE1E9804F8004D9666 /* Debug */,
				603D43AF1E9804F8004D9666 /* Release */,
			);
			defaultConfigurationIsVisible = 0;
			defaultConfigurationName = Release;
		};
/* End XCConfigurationList section */
	};
	rootObject = 603D43721E9804F7004D9666 /* Project object */;
}
